
Microsoft Visual Studio Solution File, Format Version 12.00
# Visual Studio 15
VisualStudioVersion = 15.0.28307.1169
MinimumVisualStudioVersion = 10.0.40219.1
Project("{159641D6-6404-4A2A-AE62-294DE0FE8301}") = "Integration Services Project2", "..\..\..\source\repos\Integration Services Project2\Integration Services Project2\Integration Services Project2.dtproj", "{276BC403-2FAA-4733-A1D0-24810CFD0F9A}"
EndProject
Global
	GlobalSection(SolutionConfigurationPlatforms) = preSolution
		Development|Default = Development|Default
	EndGlobalSection
	GlobalSection(ProjectConfigurationPlatforms) = postSolution
		{276BC403-2FAA-4733-A1D0-24810CFD0F9A}.Development|Default.ActiveCfg = Development
		{276BC403-2FAA-4733-A1D0-24810CFD0F9A}.Development|Default.Build.0 = Development
	EndGlobalSection
	GlobalSection(SolutionProperties) = preSolution
		HideSolutionNode = FALSE
	EndGlobalSection
	GlobalSection(ExtensibilityGlobals) = postSolution
		SolutionGuid = {36D7B02A-A1F4-4D4E-817B-63EFF9AA8EC5}
	EndGlobalSection
EndGlobal
